
Microsoft Visual Studio Solution File, Format Version 12.00
# Visual Studio Version 16
VisualStudioVersion = 16.0.30320.27
MinimumVisualStudioVersion = 10.0.40219.1
Project("{FAE04EC0-301F-11D3-BF4B-00C04F79EFBC}") = "MicroWebServer", "MicroWebServer\MicroWebServer.csproj", "{BA90B87D-6A9A-4976-8FF0-3667030E16CE}"
EndProject
Project("{FAE04EC0-301F-11D3-BF4B-00C04F79EFBC}") = "MicroWebServer.WebServer", "MicroWebServer.WebServer\MicroWebServer.WebServer.csproj", "{DFD58E95-E009-4B6E-B3CE-C4503C07CF4C}"
EndProject
Global
	GlobalSection(SolutionConfigurationPlatforms) = preSolution
		Debug|Any CPU = Debug|Any CPU
		Release|Any CPU = Release|Any CPU
	EndGlobalSection
	GlobalSection(ProjectConfigurationPlatforms) = postSolution
		{BA90B87D-6A9A-4976-8FF0-3667030E16CE}.Debug|Any CPU.ActiveCfg = Debug|Any CPU
		{BA90B87D-6A9A-4976-8FF0-3667030E16CE}.Debug|Any CPU.Build.0 = Debug|Any CPU
		{BA90B87D-6A9A-4976-8FF0-3667030E16CE}.Release|Any CPU.ActiveCfg = Release|Any CPU
		{BA90B87D-6A9A-4976-8FF0-3667030E16CE}.Release|Any CPU.Build.0 = Release|Any CPU
		{DFD58E95-E009-4B6E-B3CE-C4503C07CF4C}.Debug|Any CPU.ActiveCfg = Debug|Any CPU
		{DFD58E95-E009-4B6E-B3CE-C4503C07CF4C}.Debug|Any CPU.Build.0 = Debug|Any CPU
		{DFD58E95-E009-4B6E-B3CE-C4503C07CF4C}.Release|Any CPU.ActiveCfg = Release|Any CPU
		{DFD58E95-E009-4B6E-B3CE-C4503C07CF4C}.Release|Any CPU.Build.0 = Release|Any CPU
	EndGlobalSection
	GlobalSection(SolutionProperties) = preSolution
		HideSolutionNode = FALSE
	EndGlobalSection
	GlobalSection(ExtensibilityGlobals) = postSolution
		SolutionGuid = {D63BD1C3-0ADE-460C-B911-AA939C06D02E}
	EndGlobalSection
EndGlobal
